// !$*UTF8*$!
{
	archiveVersion = 1;
	classes = {
	};
	objectVersion = 46;
	objects = {

/* Begin PBXBuildFile section */
		6B45737818D16D1D00DB1B62 /* Foundation.framework in Frameworks */ = {isa = PBXBuildFile; fileRef = 6B45737718D16D1D00DB1B62 /* Foundation.framework */; };
		6B45737A18D16D1D00DB1B62 /* CoreGraphics.framework in Frameworks */ = {isa = PBXBuildFile; fileRef = 6B45737918D16D1D00DB1B62 /* CoreGraphics.framework */; };
		6B45737C18D16D1D00DB1B62 /* UIKit.framework in Frameworks */ = {isa = PBXBuildFile; fileRef = 6B45737B18D16D1D00DB1B62 /* UIKit.framework */; };
		6B45738218D16D1E00DB1B62 /* InfoPlist.strings in Resources */ = {isa = PBXBuildFile; fileRef = 6B45738018D16D1E00DB1B62 /* InfoPlist.strings */; };
		6B45738418D16D1E00DB1B62 /* main.m in Sources */ = {isa = PBXBuildFile; fileRef = 6B45738318D16D1E00DB1B62 /* main.m */; };
		6B45738818D16D1E00DB1B62 /* AppDelegate.m in Sources */ = {isa = PBXBuildFile; fileRef = 6B45738718D16D1E00DB1B62 /* AppDelegate.m */; };
		6B45738A18D16D1E00DB1B62 /* Images.xcassets in Resources */ = {isa = PBXBuildFile; fileRef = 6B45738918D16D1E00DB1B62 /* Images.xcassets */; };
		6B45739118D16D1E00DB1B62 /* XCTest.framework in Frameworks */ = {isa = PBXBuildFile; fileRef = 6B45739018D16D1E00DB1B62 /* XCTest.framework */; };
		6B45739218D16D1E00DB1B62 /* Foundation.framework in Frameworks */ = {isa = PBXBuildFile; fileRef = 6B45737718D16D1D00DB1B62 /* Foundation.framework */; };
		6B45739318D16D1E00DB1B62 /* UIKit.framework in Frameworks */ = {isa = PBXBuildFile; fileRef = 6B45737B18D16D1D00DB1B62 /* UIKit.framework */; };
		6B45739B18D16D1E00DB1B62 /* InfoPlist.strings in Resources */ = {isa = PBXBuildFile; fileRef = 6B45739918D16D1E00DB1B62 /* InfoPlist.strings */; };
		6B9BA63318D17D0400AE9E1C /* PetSpec.m in Sources */ = {isa = PBXBuildFile; fileRef = 6B9BA63218D17D0400AE9E1C /* PetSpec.m */; };
		6B9BA63718D1823300AE9E1C /* Pet.m in Sources */ = {isa = PBXBuildFile; fileRef = 6B9BA63618D1823300AE9E1C /* Pet.m */; };
		922A9BEA80234438B5DD4EEF /* libPods-iOSTravisSpikeTests.a in Frameworks */ = {isa = PBXBuildFile; fileRef = 45EF5A2048B546D5A6BCF10F /* libPods-iOSTravisSpikeTests.a */; };
/* End PBXBuildFile section */

/* Begin PBXContainerItemProxy section */
		6B45739418D16D1E00DB1B62 /* PBXContainerItemProxy */ = {
			isa = PBXContainerItemProxy;
			containerPortal = 6B45736C18D16D1D00DB1B62 /* Project object */;
			proxyType = 1;
			remoteGlobalIDString = 6B45737318D16D1D00DB1B62;
			remoteInfo = iOSTravisSpike;
		};
/* End PBXContainerItemProxy section */

/* Begin PBXFileReference section */
		16A28DD12D8545CDB7433BBB /* Pods-iOSTravisSpikeTests.xcconfig */ = {isa = PBXFileReference; includeInIndex = 1; lastKnownFileType = text.xcconfig; name = "Pods-iOSTravisSpikeTests.xcconfig"; path = "Pods/Pods-iOSTravisSpikeTests.xcconfig"; sourceTree = "<group>"; };
		45EF5A2048B546D5A6BCF10F /* libPods-iOSTravisSpikeTests.a */ = {isa = PBXFileReference; explicitFileType = archive.ar; includeInIndex = 0; path = "libPods-iOSTravisSpikeTests.a"; sourceTree = BUILT_PRODUCTS_DIR; };
		6B45737418D16D1D00DB1B62 /* iOSTravisSpike.app */ = {isa = PBXFileReference; explicitFileType = wrapper.application; includeInIndex = 0; path = iOSTravisSpike.app; sourceTree = BUILT_PRODUCTS_DIR; };
		6B45737718D16D1D00DB1B62 /* Foundation.framework */ = {isa = PBXFileReference; lastKnownFileType = wrapper.framework; name = Foundation.framework; path = System/Library/Frameworks/Foundation.framework; sourceTree = SDKROOT; };
		6B45737918D16D1D00DB1B62 /* CoreGraphics.framework */ = {isa = PBXFileReference; lastKnownFileType = wrapper.framework; name = CoreGraphics.framework; path = System/Library/Frameworks/CoreGraphics.framework; sourceTree = SDKROOT; };
		6B45737B18D16D1D00DB1B62 /* UIKit.framework */ = {isa = PBXFileReference; lastKnownFileType = wrapper.framework; name = UIKit.framework; path = System/Library/Frameworks/UIKit.framework; sourceTree = SDKROOT; };
		6B45737F18D16D1E00DB1B62 /* iOSTravisSpike-Info.plist */ = {isa = PBXFileReference; lastKnownFileType = text.plist.xml; path = "iOSTravisSpike-Info.plist"; sourceTree = "<group>"; };
		6B45738118D16D1E00DB1B62 /* en */ = {isa = PBXFileReference; lastKnownFileType = text.plist.strings; name = en; path = en.lproj/InfoPlist.strings; sourceTree = "<group>"; };
		6B45738318D16D1E00DB1B62 /* main.m */ = {isa = PBXFileReference; lastKnownFileType = sourcecode.c.objc; path = main.m; sourceTree = "<group>"; };
		6B45738518D16D1E00DB1B62 /* iOSTravisSpike-Prefix.pch */ = {isa = PBXFileReference; lastKnownFileType = sourcecode.c.h; path = "iOSTravisSpike-Prefix.pch"; sourceTree = "<group>"; };
		6B45738618D16D1E00DB1B62 /* AppDelegate.h */ = {isa = PBXFileReference; lastKnownFileType = sourcecode.c.h; path = AppDelegate.h; sourceTree = "<group>"; };
		6B45738718D16D1E00DB1B62 /* AppDelegate.m */ = {isa = PBXFileReference; lastKnownFileType = sourcecode.c.objc; path = AppDelegate.m; sourceTree = "<group>"; };
		6B45738918D16D1E00DB1B62 /* Images.xcassets */ = {isa = PBXFileReference; lastKnownFileType = folder.assetcatalog; path = Images.xcassets; sourceTree = "<group>"; };
		6B45738F18D16D1E00DB1B62 /* iOSTravisSpikeTests.xctest */ = {isa = PBXFileReference; explicitFileType = wrapper.cfbundle; includeInIndex = 0; path = iOSTravisSpikeTests.xctest; sourceTree = BUILT_PRODUCTS_DIR; };
		6B45739018D16D1E00DB1B62 /* XCTest.framework */ = {isa = PBXFileReference; lastKnownFileType = wrapper.framework; name = XCTest.framework; path = Library/Frameworks/XCTest.framework; sourceTree = DEVELOPER_DIR; };
		6B45739818D16D1E00DB1B62 /* iOSTravisSpikeTests-Info.plist */ = {isa = PBXFileReference; lastKnownFileType = text.plist.xml; path = "iOSTravisSpikeTests-Info.plist"; sourceTree = "<group>"; };
		6B45739A18D16D1E00DB1B62 /* en */ = {isa = PBXFileReference; lastKnownFileType = text.plist.strings; name = en; path = en.lproj/InfoPlist.strings; sourceTree = "<group>"; };
		6B9BA63218D17D0400AE9E1C /* PetSpec.m */ = {isa = PBXFileReference; fileEncoding = 4; lastKnownFileType = sourcecode.c.objc; path = PetSpec.m; sourceTree = "<group>"; };
		6B9BA63518D1823300AE9E1C /* Pet.h */ = {isa = PBXFileReference; fileEncoding = 4; lastKnownFileType = sourcecode.c.h; name = Pet.h; path = Model/Pet.h; sourceTree = "<group>"; };
		6B9BA63618D1823300AE9E1C /* Pet.m */ = {isa = PBXFileReference; fileEncoding = 4; lastKnownFileType = sourcecode.c.objc; name = Pet.m; path = Model/Pet.m; sourceTree = "<group>"; };
/* End PBXFileReference section */

/* Begin PBXFrameworksBuildPhase section */
		6B45737118D16D1D00DB1B62 /* Frameworks */ = {
			isa = PBXFrameworksBuildPhase;
			buildActionMask = 2147483647;
			files = (
				6B45737A18D16D1D00DB1B62 /* CoreGraphics.framework in Frameworks */,
				6B45737C18D16D1D00DB1B62 /* UIKit.framework in Frameworks */,
				6B45737818D16D1D00DB1B62 /* Foundation.framework in Frameworks */,
			);
			runOnlyForDeploymentPostprocessing = 0;
		};
		6B45738C18D16D1E00DB1B62 /* Frameworks */ = {
			isa = PBXFrameworksBuildPhase;
			buildActionMask = 2147483647;
			files = (
				6B45739118D16D1E00DB1B62 /* XCTest.framework in Frameworks */,
				6B45739318D16D1E00DB1B62 /* UIKit.framework in Frameworks */,
				6B45739218D16D1E00DB1B62 /* Foundation.framework in Frameworks */,
				922A9BEA80234438B5DD4EEF /* libPods-iOSTravisSpikeTests.a in Frameworks */,
			);
			runOnlyForDeploymentPostprocessing = 0;
		};
/* End PBXFrameworksBuildPhase section */

/* Begin PBXGroup section */
		6B45736B18D16D1D00DB1B62 = {
			isa = PBXGroup;
			children = (
				6B45737D18D16D1D00DB1B62 /* iOSTravisSpike */,
				6B45739618D16D1E00DB1B62 /* iOSTravisSpikeTests */,
				6B45737618D16D1D00DB1B62 /* Frameworks */,
				6B45737518D16D1D00DB1B62 /* Products */,
				16A28DD12D8545CDB7433BBB /* Pods-iOSTravisSpikeTests.xcconfig */,
			);
			sourceTree = "<group>";
		};
		6B45737518D16D1D00DB1B62 /* Products */ = {
			isa = PBXGroup;
			children = (
				6B45737418D16D1D00DB1B62 /* iOSTravisSpike.app */,
				6B45738F18D16D1E00DB1B62 /* iOSTravisSpikeTests.xctest */,
			);
			name = Products;
			sourceTree = "<group>";
		};
		6B45737618D16D1D00DB1B62 /* Frameworks */ = {
			isa = PBXGroup;
			children = (
				6B45737718D16D1D00DB1B62 /* Foundation.framework */,
				6B45737918D16D1D00DB1B62 /* CoreGraphics.framework */,
				6B45737B18D16D1D00DB1B62 /* UIKit.framework */,
				6B45739018D16D1E00DB1B62 /* XCTest.framework */,
				45EF5A2048B546D5A6BCF10F /* libPods-iOSTravisSpikeTests.a */,
			);
			name = Frameworks;
			sourceTree = "<group>";
		};
		6B45737D18D16D1D00DB1B62 /* iOSTravisSpike */ = {
			isa = PBXGroup;
			children = (
				6B9BA63418D1820F00AE9E1C /* Model */,
				6B45738618D16D1E00DB1B62 /* AppDelegate.h */,
				6B45738718D16D1E00DB1B62 /* AppDelegate.m */,
				6B45738918D16D1E00DB1B62 /* Images.xcassets */,
				6B45737E18D16D1E00DB1B62 /* Supporting Files */,
			);
			path = iOSTravisSpike;
			sourceTree = "<group>";
		};
		6B45737E18D16D1E00DB1B62 /* Supporting Files */ = {
			isa = PBXGroup;
			children = (
				6B45737F18D16D1E00DB1B62 /* iOSTravisSpike-Info.plist */,
				6B45738018D16D1E00DB1B62 /* InfoPlist.strings */,
				6B45738318D16D1E00DB1B62 /* main.m */,
				6B45738518D16D1E00DB1B62 /* iOSTravisSpike-Prefix.pch */,
			);
			name = "Supporting Files";
			sourceTree = "<group>";
		};
		6B45739618D16D1E00DB1B62 /* iOSTravisSpikeTests */ = {
			isa = PBXGroup;
			children = (
				6B9BA63818D1824300AE9E1C /* ModelSpecs */,
				6B45739718D16D1E00DB1B62 /* Supporting Files */,
			);
			path = iOSTravisSpikeTests;
			sourceTree = "<group>";
		};
		6B45739718D16D1E00DB1B62 /* Supporting Files */ = {
			isa = PBXGroup;
			children = (
				6B45739818D16D1E00DB1B62 /* iOSTravisSpikeTests-Info.plist */,
				6B45739918D16D1E00DB1B62 /* InfoPlist.strings */,
			);
			name = "Supporting Files";
			sourceTree = "<group>";
		};
		6B9BA63418D1820F00AE9E1C /* Model */ = {
			isa = PBXGroup;
			children = (
				6B9BA63518D1823300AE9E1C /* Pet.h */,
				6B9BA63618D1823300AE9E1C /* Pet.m */,
			);
			name = Model;
			sourceTree = "<group>";
		};
		6B9BA63818D1824300AE9E1C /* ModelSpecs */ = {
			isa = PBXGroup;
			children = (
				6B9BA63218D17D0400AE9E1C /* PetSpec.m */,
			);
			name = ModelSpecs;
			sourceTree = "<group>";
		};
/* End PBXGroup section */

/* Begin PBXNativeTarget section */
		6B45737318D16D1D00DB1B62 /* iOSTravisSpike */ = {
			isa = PBXNativeTarget;
			buildConfigurationList = 6B4573A018D16D1E00DB1B62 /* Build configuration list for PBXNativeTarget "iOSTravisSpike" */;
			buildPhases = (
				6B45737018D16D1D00DB1B62 /* Sources */,
				6B45737118D16D1D00DB1B62 /* Frameworks */,
				6B45737218D16D1D00DB1B62 /* Resources */,
			);
			buildRules = (
			);
			dependencies = (
			);
			name = iOSTravisSpike;
			productName = iOSTravisSpike;
			productReference = 6B45737418D16D1D00DB1B62 /* iOSTravisSpike.app */;
			productType = "com.apple.product-type.application";
		};
		6B45738E18D16D1E00DB1B62 /* iOSTravisSpikeTests */ = {
			isa = PBXNativeTarget;
			buildConfigurationList = 6B4573A318D16D1E00DB1B62 /* Build configuration list for PBXNativeTarget "iOSTravisSpikeTests" */;
			buildPhases = (
				151F21A7D7ED414B88CFAE7C /* Check Pods Manifest.lock */,
				6B45738B18D16D1E00DB1B62 /* Sources */,
				6B45738C18D16D1E00DB1B62 /* Frameworks */,
				6B45738D18D16D1E00DB1B62 /* Resources */,
				4A58DD756A4F42668ECE9BA7 /* Copy Pods Resources */,
			);
			buildRules = (
			);
			dependencies = (
				6B45739518D16D1E00DB1B62 /* PBXTargetDependency */,
			);
			name = iOSTravisSpikeTests;
			productName = iOSTravisSpikeTests;
			productReference = 6B45738F18D16D1E00DB1B62 /* iOSTravisSpikeTests.xctest */;
			productType = "com.apple.product-type.bundle.unit-test";
		};
/* End PBXNativeTarget section */

/* Begin PBXProject section */
		6B45736C18D16D1D00DB1B62 /* Project object */ = {
			isa = PBXProject;
			attributes = {
				LastUpgradeCheck = 0500;
				ORGANIZATIONNAME = mlam;
				TargetAttributes = {
					6B45737318D16D1D00DB1B62 = {
						DevelopmentTeam = YFWXADMX4E;
					};
					6B45738E18D16D1E00DB1B62 = {
						TestTargetID = 6B45737318D16D1D00DB1B62;
					};
				};
			};
			buildConfigurationList = 6B45736F18D16D1D00DB1B62 /* Build configuration list for PBXProject "iOSTravisSpike" */;
			compatibilityVersion = "Xcode 3.2";
			developmentRegion = English;
			hasScannedForEncodings = 0;
			knownRegions = (
				en,
			);
			mainGroup = 6B45736B18D16D1D00DB1B62;
			productRefGroup = 6B45737518D16D1D00DB1B62 /* Products */;
			projectDirPath = "";
			projectRoot = "";
			targets = (
				6B45737318D16D1D00DB1B62 /* iOSTravisSpike */,
				6B45738E18D16D1E00DB1B62 /* iOSTravisSpikeTests */,
			);
		};
/* End PBXProject section */

/* Begin PBXResourcesBuildPhase section */
		6B45737218D16D1D00DB1B62 /* Resources */ = {
			isa = PBXResourcesBuildPhase;
			buildActionMask = 2147483647;
			files = (
				6B45738218D16D1E00DB1B62 /* InfoPlist.strings in Resources */,
				6B45738A18D16D1E00DB1B62 /* Images.xcassets in Resources */,
			);
			runOnlyForDeploymentPostprocessing = 0;
		};
		6B45738D18D16D1E00DB1B62 /* Resources */ = {
			isa = PBXResourcesBuildPhase;
			buildActionMask = 2147483647;
			files = (
				6B45739B18D16D1E00DB1B62 /* InfoPlist.strings in Resources */,
			);
			runOnlyForDeploymentPostprocessing = 0;
		};
/* End PBXResourcesBuildPhase section */

/* Begin PBXShellScriptBuildPhase section */
		151F21A7D7ED414B88CFAE7C /* Check Pods Manifest.lock */ = {
			isa = PBXShellScriptBuildPhase;
			buildActionMask = 2147483647;
			files = (
			);
			inputPaths = (
			);
			name = "Check Pods Manifest.lock";
			outputPaths = (
			);
			runOnlyForDeploymentPostprocessing = 0;
			shellPath = /bin/sh;
			shellScript = "diff \"${PODS_ROOT}/../Podfile.lock\" \"${PODS_ROOT}/Manifest.lock\" > /dev/null\nif [[ $? != 0 ]] ; then\n    cat << EOM\nerror: The sandbox is not in sync with the Podfile.lock. Run 'pod install' or update your CocoaPods installation.\nEOM\n    exit 1\nfi\n";
			showEnvVarsInLog = 0;
		};
		4A58DD756A4F42668ECE9BA7 /* Copy Pods Resources */ = {
			isa = PBXShellScriptBuildPhase;
			buildActionMask = 2147483647;
			files = (
			);
			inputPaths = (
			);
			name = "Copy Pods Resources";
			outputPaths = (
			);
			runOnlyForDeploymentPostprocessing = 0;
			shellPath = /bin/sh;
			shellScript = "\"${SRCROOT}/Pods/Pods-iOSTravisSpikeTests-resources.sh\"\n";
			showEnvVarsInLog = 0;
		};
/* End PBXShellScriptBuildPhase section */

/* Begin PBXSourcesBuildPhase section */
		6B45737018D16D1D00DB1B62 /* Sources */ = {
			isa = PBXSourcesBuildPhase;
			buildActionMask = 2147483647;
			files = (
				6B9BA63718D1823300AE9E1C /* Pet.m in Sources */,
				6B45738818D16D1E00DB1B62 /* AppDelegate.m in Sources */,
				6B45738418D16D1E00DB1B62 /* main.m in Sources */,
			);
			runOnlyForDeploymentPostprocessing = 0;
		};
		6B45738B18D16D1E00DB1B62 /* Sources */ = {
			isa = PBXSourcesBuildPhase;
			buildActionMask = 2147483647;
			files = (
				6B9BA63318D17D0400AE9E1C /* PetSpec.m in Sources */,
			);
			runOnlyForDeploymentPostprocessing = 0;
		};
/* End PBXSourcesBuildPhase section */

/* Begin PBXTargetDependency section */
		6B45739518D16D1E00DB1B62 /* PBXTargetDependency */ = {
			isa = PBXTargetDependency;
			target = 6B45737318D16D1D00DB1B62 /* iOSTravisSpike */;
			targetProxy = 6B45739418D16D1E00DB1B62 /* PBXContainerItemProxy */;
		};
/* End PBXTargetDependency section */

/* Begin PBXVariantGroup section */
		6B45738018D16D1E00DB1B62 /* InfoPlist.strings */ = {
			isa = PBXVariantGroup;
			children = (
				6B45738118D16D1E00DB1B62 /* en */,
			);
			name = InfoPlist.strings;
			sourceTree = "<group>";
		};
		6B45739918D16D1E00DB1B62 /* InfoPlist.strings */ = {
			isa = PBXVariantGroup;
			children = (
				6B45739A18D16D1E00DB1B62 /* en */,
			);
			name = InfoPlist.strings;
			sourceTree = "<group>";
		};
/* End PBXVariantGroup section */

/* Begin XCBuildConfiguration section */
		6B45739E18D16D1E00DB1B62 /* Debug */ = {
			isa = XCBuildConfiguration;
			buildSettings = {
				ALWAYS_SEARCH_USER_PATHS = NO;
				ARCHS = "$(ARCHS_STANDARD_INCLUDING_64_BIT)";
				CLANG_CXX_LANGUAGE_STANDARD = "gnu++0x";
				CLANG_CXX_LIBRARY = "libc++";
				CLANG_ENABLE_MODULES = YES;
				CLANG_ENABLE_OBJC_ARC = YES;
				CLANG_WARN_BOOL_CONVERSION = YES;
				CLANG_WARN_CONSTANT_CONVERSION = YES;
				CLANG_WARN_DIRECT_OBJC_ISA_USAGE = YES_ERROR;
				CLANG_WARN_EMPTY_BODY = YES;
				CLANG_WARN_ENUM_CONVERSION = YES;
				CLANG_WARN_INT_CONVERSION = YES;
				CLANG_WARN_OBJC_ROOT_CLASS = YES_ERROR;
				CLANG_WARN__DUPLICATE_METHOD_MATCH = YES;
				"CODE_SIGN_IDENTITY[sdk=iphoneos*]" = "iPhone Developer";
				COPY_PHASE_STRIP = NO;
				GCC_C_LANGUAGE_STANDARD = gnu99;
				GCC_DYNAMIC_NO_PIC = NO;
				GCC_OPTIMIZATION_LEVEL = 0;
				GCC_PREPROCESSOR_DEFINITIONS = (
					"DEBUG=1",
					"$(inherited)",
				);
				GCC_SYMBOLS_PRIVATE_EXTERN = NO;
				GCC_WARN_64_TO_32_BIT_CONVERSION = YES;
				GCC_WARN_ABOUT_RETURN_TYPE = YES_ERROR;
				GCC_WARN_UNDECLARED_SELECTOR = YES;
				GCC_WARN_UNINITIALIZED_AUTOS = YES;
				GCC_WARN_UNUSED_FUNCTION = YES;
				GCC_WARN_UNUSED_VARIABLE = YES;
				IPHONEOS_DEPLOYMENT_TARGET = 7.0;
				ONLY_ACTIVE_ARCH = YES;
				SDKROOT = iphoneos;
			};
			name = Debug;
		};
		6B45739F18D16D1E00DB1B62 /* Release */ = {
			isa = XCBuildConfiguration;
			buildSettings = {
				ALWAYS_SEARCH_USER_PATHS = NO;
				ARCHS = "$(ARCHS_STANDARD_INCLUDING_64_BIT)";
				CLANG_CXX_LANGUAGE_STANDARD = "gnu++0x";
				CLANG_CXX_LIBRARY = "libc++";
				CLANG_ENABLE_MODULES = YES;
				CLANG_ENABLE_OBJC_ARC = YES;
				CLANG_WARN_BOOL_CONVERSION = YES;
				CLANG_WARN_CONSTANT_CONVERSION = YES;
				CLANG_WARN_DIRECT_OBJC_ISA_USAGE = YES_ERROR;
				CLANG_WARN_EMPTY_BODY = YES;
				CLANG_WARN_ENUM_CONVERSION = YES;
				CLANG_WARN_INT_CONVERSION = YES;
				CLANG_WARN_OBJC_ROOT_CLASS = YES_ERROR;
				CLANG_WARN__DUPLICATE_METHOD_MATCH = YES;
				"CODE_SIGN_IDENTITY[sdk=iphoneos*]" = "iPhone Developer";
				COPY_PHASE_STRIP = YES;
				ENABLE_NS_ASSERTIONS = NO;
				GCC_C_LANGUAGE_STANDARD = gnu99;
				GCC_WARN_64_TO_32_BIT_CONVERSION = YES;
				GCC_WARN_ABOUT_RETURN_TYPE = YES_ERROR;
				GCC_WARN_UNDECLARED_SELECTOR = YES;
				GCC_WARN_UNINITIALIZED_AUTOS = YES;
				GCC_WARN_UNUSED_FUNCTION = YES;
				GCC_WARN_UNUSED_VARIABLE = YES;
				IPHONEOS_DEPLOYMENT_TARGET = 7.0;
				SDKROOT = iphoneos;
				VALIDATE_PRODUCT = YES;
			};
			name = Release;
		};
		6B4573A118D16D1E00DB1B62 /* Debug */ = {
			isa = XCBuildConfiguration;
			buildSettings = {
				ASSETCATALOG_COMPILER_APPICON_NAME = AppIcon;
				ASSETCATALOG_COMPILER_LAUNCHIMAGE_NAME = LaunchImage;
				CODE_SIGN_IDENTITY = "iPhone Developer";
				"CODE_SIGN_IDENTITY[sdk=iphoneos*]" = "iPhone Developer";
				GCC_PRECOMPILE_PREFIX_HEADER = YES;
				GCC_PREFIX_HEADER = "iOSTravisSpike/iOSTravisSpike-Prefix.pch";
				INFOPLIST_FILE = "iOSTravisSpike/iOSTravisSpike-Info.plist";
				PRODUCT_NAME = "$(TARGET_NAME)";
				PROVISIONING_PROFILE = "";
				WRAPPER_EXTENSION = app;
			};
			name = Debug;
		};
		6B4573A218D16D1E00DB1B62 /* Release */ = {
			isa = XCBuildConfiguration;
			buildSettings = {
				ASSETCATALOG_COMPILER_APPICON_NAME = AppIcon;
				ASSETCATALOG_COMPILER_LAUNCHIMAGE_NAME = LaunchImage;
				CODE_SIGN_IDENTITY = "iPhone Developer";
				"CODE_SIGN_IDENTITY[sdk=iphoneos*]" = "iPhone Developer";
				GCC_PRECOMPILE_PREFIX_HEADER = YES;
				GCC_PREFIX_HEADER = "iOSTravisSpike/iOSTravisSpike-Prefix.pch";
				INFOPLIST_FILE = "iOSTravisSpike/iOSTravisSpike-Info.plist";
				PRODUCT_NAME = "$(TARGET_NAME)";
				PROVISIONING_PROFILE = "";
				WRAPPER_EXTENSION = app;
			};
			name = Release;
		};
		6B4573A418D16D1E00DB1B62 /* Debug */ = {
			isa = XCBuildConfiguration;
			baseConfigurationReference = 16A28DD12D8545CDB7433BBB /* Pods-iOSTravisSpikeTests.xcconfig */;
			buildSettings = {
				ARCHS = "$(ARCHS_STANDARD_INCLUDING_64_BIT)";
				BUNDLE_LOADER = "$(BUILT_PRODUCTS_DIR)/iOSTravisSpike.app/iOSTravisSpike";
				FRAMEWORK_SEARCH_PATHS = (
					"$(SDKROOT)/Developer/Library/Frameworks",
					"$(inherited)",
					"$(DEVELOPER_FRAMEWORKS_DIR)",
				);
				GCC_PRECOMPILE_PREFIX_HEADER = YES;
				GCC_PREFIX_HEADER = "iOSTravisSpike/iOSTravisSpike-Prefix.pch";
				GCC_PREPROCESSOR_DEFINITIONS = (
					"DEBUG=1",
					"$(inherited)",
				);
				INFOPLIST_FILE = "iOSTravisSpikeTests/iOSTravisSpikeTests-Info.plist";
				PRODUCT_NAME = "$(TARGET_NAME)";
				TEST_HOST = "$(BUNDLE_LOADER)";
				WRAPPER_EXTENSION = xctest;
			};
			name = Debug;
		};
		6B4573A518D16D1E00DB1B62 /* Release */ = {
			isa = XCBuildConfiguration;
			baseConfigurationReference = 16A28DD12D8545CDB7433BBB /* Pods-iOSTravisSpikeTests.xcconfig */;
			buildSettings = {
				ARCHS = "$(ARCHS_STANDARD_INCLUDING_64_BIT)";
				BUNDLE_LOADER = "$(BUILT_PRODUCTS_DIR)/iOSTravisSpike.app/iOSTravisSpike";
				FRAMEWORK_SEARCH_PATHS = (
					"$(SDKROOT)/Developer/Library/Frameworks",
					"$(inherited)",
					"$(DEVELOPER_FRAMEWORKS_DIR)",
				);
				GCC_PRECOMPILE_PREFIX_HEADER = YES;
				GCC_PREFIX_HEADER = "iOSTravisSpike/iOSTravisSpike-Prefix.pch";
				INFOPLIST_FILE = "iOSTravisSpikeTests/iOSTravisSpikeTests-Info.plist";
				PRODUCT_NAME = "$(TARGET_NAME)";
				TEST_HOST = "$(BUNDLE_LOADER)";
				WRAPPER_EXTENSION = xctest;
			};
			name = Release;
		};
/* End XCBuildConfiguration section */

/* Begin XCConfigurationList section */
		6B45736F18D16D1D00DB1B62 /* Build configuration list for PBXProject "iOSTravisSpike" */ = {
			isa = XCConfigurationList;
			buildConfigurations = (
				6B45739E18D16D1E00DB1B62 /* Debug */,
				6B45739F18D16D1E00DB1B62 /* Release */,
			);
			defaultConfigurationIsVisible = 0;
			defaultConfigurationName = Release;
		};
		6B4573A018D16D1E00DB1B62 /* Build configuration list for PBXNativeTarget "iOSTravisSpike" */ = {
			isa = XCConfigurationList;
			buildConfigurations = (
				6B4573A118D16D1E00DB1B62 /* Debug */,
				6B4573A218D16D1E00DB1B62 /* Release */,
			);
			defaultConfigurationIsVisible = 0;
			defaultConfigurationName = Release;
		};
		6B4573A318D16D1E00DB1B62 /* Build configuration list for PBXNativeTarget "iOSTravisSpikeTests" */ = {
			isa = XCConfigurationList;
			buildConfigurations = (
				6B4573A418D16D1E00DB1B62 /* Debug */,
				6B4573A518D16D1E00DB1B62 /* Release */,
			);
			defaultConfigurationIsVisible = 0;
			defaultConfigurationName = Release;
		};
/* End XCConfigurationList section */
	};
	rootObject = 6B45736C18D16D1D00DB1B62 /* Project object */;
}
